
Microsoft Visual Studio Solution File, Format Version 12.00
# Visual Studio Version 16
VisualStudioVersion = 16.0.30907.101
MinimumVisualStudioVersion = 10.0.40219.1
Project("{9A19103F-16F7-4668-BE54-9A1E7A4F7556}") = "InqudePOC", "InqudePOC\InqudePOC.csproj", "{128E7C4E-ADBC-4BD5-8454-F7AFE9F6A1C6}"
EndProject
Project("{E53339B2-1760-4266-BCC7-CA923CBCF16C}") = "docker-compose", "docker-compose.dcproj", "{9695EBF8-99B7-440E-B686-28FD79155AE7}"
EndProject
Global
	GlobalSection(SolutionConfigurationPlatforms) = preSolution
		Debug|Any CPU = Debug|Any CPU
		Release|Any CPU = Release|Any CPU
	EndGlobalSection
	GlobalSection(ProjectConfigurationPlatforms) = postSolution
		{128E7C4E-ADBC-4BD5-8454-F7AFE9F6A1C6}.Debug|Any CPU.ActiveCfg = Debug|Any CPU
		{128E7C4E-ADBC-4BD5-8454-F7AFE9F6A1C6}.Debug|Any CPU.Build.0 = Debug|Any CPU
		{128E7C4E-ADBC-4BD5-8454-F7AFE9F6A1C6}.Release|Any CPU.ActiveCfg = Release|Any CPU
		{128E7C4E-ADBC-4BD5-8454-F7AFE9F6A1C6}.Release|Any CPU.Build.0 = Release|Any CPU
		{9695EBF8-99B7-440E-B686-28FD79155AE7}.Debug|Any CPU.ActiveCfg = Debug|Any CPU
		{9695EBF8-99B7-440E-B686-28FD79155AE7}.Debug|Any CPU.Build.0 = Debug|Any CPU
		{9695EBF8-99B7-440E-B686-28FD79155AE7}.Release|Any CPU.ActiveCfg = Release|Any CPU
		{9695EBF8-99B7-440E-B686-28FD79155AE7}.Release|Any CPU.Build.0 = Release|Any CPU
	EndGlobalSection
	GlobalSection(SolutionProperties) = preSolution
		HideSolutionNode = FALSE
	EndGlobalSection
	GlobalSection(ExtensibilityGlobals) = postSolution
		SolutionGuid = {ACE8A1E1-FDE9-4AE3-8879-AC5AB43A6BA9}
	EndGlobalSection
EndGlobal
